
Microsoft Visual Studio Solution File, Format Version 12.00
# Visual Studio Version 16
VisualStudioVersion = 16.0.30804.86
MinimumVisualStudioVersion = 10.0.40219.1
Project("{FAE04EC0-301F-11D3-BF4B-00C04F79EFBC}") = "XF.APP.Android", "XF.APP\XF.APP.Android\XF.APP.Android.csproj", "{6316A75B-7E54-40A9-B3B3-6485778CE149}"
EndProject
Project("{FAE04EC0-301F-11D3-BF4B-00C04F79EFBC}") = "XF.APP.iOS", "XF.APP\XF.APP.iOS\XF.APP.iOS.csproj", "{B0424B89-62B1-4D3E-A917-1850140E1EAD}"
EndProject
Project("{FAE04EC0-301F-11D3-BF4B-00C04F79EFBC}") = "XF.APP", "XF.APP\XF.APP\XF.APP.csproj", "{9DB5786D-7DC4-4913-804C-3C9D9CA6DCE1}"
EndProject
Project("{2150E333-8FDC-42A3-9474-1A3956D46DE8}") = "Lib", "Lib", "{0A8D5BEB-C9D4-45E3-A63A-80AD65B34067}"
EndProject
Project("{2150E333-8FDC-42A3-9474-1A3956D46DE8}") = "Business", "Business", "{E517458C-E701-46C8-B674-82CFA85F4ECA}"
EndProject
Project("{2150E333-8FDC-42A3-9474-1A3956D46DE8}") = "WebService", "WebService", "{3F6E13D5-9CF4-4C43-8582-8E52495AAB5B}"
EndProject
Project("{FAE04EC0-301F-11D3-BF4B-00C04F79EFBC}") = "XF.APP.ABSTRACTION", "XF.APP\Lib\XF.APP.ABSTRACTION\XF.APP.ABSTRACTION.csproj", "{75331AEB-0C9A-40AF-8594-E722469B8166}"
EndProject
Project("{FAE04EC0-301F-11D3-BF4B-00C04F79EFBC}") = "XF.APP.BAL", "XF.APP\Lib\XF.APP.BAL\XF.APP.BAL.csproj", "{4594029D-97BD-4663-90A5-FB0DF4DDC85F}"
EndProject
Project("{FAE04EC0-301F-11D3-BF4B-00C04F79EFBC}") = "XF.APP.DAL", "XF.APP\Lib\XF.APP.DAL\XF.APP.DAL.csproj", "{E669AFD6-AA47-47A3-96E4-70BDB1B9BD15}"
EndProject
Project("{FAE04EC0-301F-11D3-BF4B-00C04F79EFBC}") = "XF.APP.DATA", "XF.APP\Lib\XF.APP.DATA\XF.APP.DATA.csproj", "{6DB50C70-BDE5-445A-A967-33455C5A02A5}"
EndProject
Project("{FAE04EC0-301F-11D3-BF4B-00C04F79EFBC}") = "XF.APP.DTO", "XF.APP\Lib\XF.APP.DTO\XF.APP.DTO.csproj", "{36EBFDD4-96D7-4CCC-8ECA-81520E133A60}"
EndProject
Project("{FAE04EC0-301F-11D3-BF4B-00C04F79EFBC}") = "XF.APP.ApiService", "XF.APP\Lib\XF.APP.ApiService\XF.APP.ApiService.csproj", "{230A80FC-012D-4CD5-A4AB-401BA83AFA4C}"
EndProject
Project("{FAE04EC0-301F-11D3-BF4B-00C04F79EFBC}") = "XF.APP.LogService", "XF.APP\Lib\XF.APP.LogService\XF.APP.LogService.csproj", "{3520F689-5462-4F95-BA55-F6EEFC1AAFD9}"
EndProject
Project("{2150E333-8FDC-42A3-9474-1A3956D46DE8}") = "Base", "Base", "{838ACC86-5CB4-4E9E-877D-6BB905F1DDB7}"
EndProject
Project("{FAE04EC0-301F-11D3-BF4B-00C04F79EFBC}") = "XF.BASE", "XF.APP\Lib\XF.BASE\XF.BASE.csproj", "{0988FABE-81BD-4359-A18B-F3FC44165AC0}"
EndProject
Global
	GlobalSection(SolutionConfigurationPlatforms) = preSolution
		Debug|Any CPU = Debug|Any CPU
		Debug|ARM = Debug|ARM
		Debug|ARM64 = Debug|ARM64
		Debug|iPhone = Debug|iPhone
		Debug|iPhoneSimulator = Debug|iPhoneSimulator
		Debug|x64 = Debug|x64
		Debug|x86 = Debug|x86
		Release|Any CPU = Release|Any CPU
		Release|ARM = Release|ARM
		Release|ARM64 = Release|ARM64
		Release|iPhone = Release|iPhone
		Release|iPhoneSimulator = Release|iPhoneSimulator
		Release|x64 = Release|x64
		Release|x86 = Release|x86
	EndGlobalSection
	GlobalSection(ProjectConfigurationPlatforms) = postSolution
		{6316A75B-7E54-40A9-B3B3-6485778CE149}.Debug|Any CPU.ActiveCfg = Debug|Any CPU
		{6316A75B-7E54-40A9-B3B3-6485778CE149}.Debug|Any CPU.Build.0 = Debug|Any CPU
		{6316A75B-7E54-40A9-B3B3-6485778CE149}.Debug|Any CPU.Deploy.0 = Debug|Any CPU
		{6316A75B-7E54-40A9-B3B3-6485778CE149}.Debug|ARM.ActiveCfg = Debug|Any CPU
		{6316A75B-7E54-40A9-B3B3-6485778CE149}.Debug|ARM.Build.0 = Debug|Any CPU
		{6316A75B-7E54-40A9-B3B3-6485778CE149}.Debug|ARM.Deploy.0 = Debug|Any CPU
		{6316A75B-7E54-40A9-B3B3-6485778CE149}.Debug|ARM64.ActiveCfg = Debug|Any CPU
		{6316A75B-7E54-40A9-B3B3-6485778CE149}.Debug|ARM64.Build.0 = Debug|Any CPU
		{6316A75B-7E54-40A9-B3B3-6485778CE149}.Debug|ARM64.Deploy.0 = Debug|Any CPU
		{6316A75B-7E54-40A9-B3B3-6485778CE149}.Debug|iPhone.ActiveCfg = Debug|Any CPU
		{6316A75B-7E54-40A9-B3B3-6485778CE149}.Debug|iPhone.Build.0 = Debug|Any CPU
		{6316A75B-7E54-40A9-B3B3-6485778CE149}.Debug|iPhone.Deploy.0 = Debug|Any CPU
		{6316A75B-7E54-40A9-B3B3-6485778CE149}.Debug|iPhoneSimulator.ActiveCfg = Debug|Any CPU
		{6316A75B-7E54-40A9-B3B3-6485778CE149}.Debug|iPhoneSimulator.Build.0 = Debug|Any CPU
		{6316A75B-7E54-40A9-B3B3-6485778CE149}.Debug|iPhoneSimulator.Deploy.0 = Debug|Any CPU
		{6316A75B-7E54-40A9-B3B3-6485778CE149}.Debug|x64.ActiveCfg = Debug|Any CPU
		{6316A75B-7E54-40A9-B3B3-6485778CE149}.Debug|x64.Build.0 = Debug|Any CPU
		{6316A75B-7E54-40A9-B3B3-6485778CE149}.Debug|x64.Deploy.0 = Debug|Any CPU
		{6316A75B-7E54-40A9-B3B3-6485778CE149}.Debug|x86.ActiveCfg = Debug|Any CPU
		{6316A75B-7E54-40A9-B3B3-6485778CE149}.Debug|x86.Build.0 = Debug|Any CPU
		{6316A75B-7E54-40A9-B3B3-6485778CE149}.Debug|x86.Deploy.0 = Debug|Any CPU
		{6316A75B-7E54-40A9-B3B3-6485778CE149}.Release|Any CPU.ActiveCfg = Release|Any CPU
		{6316A75B-7E54-40A9-B3B3-6485778CE149}.Release|Any CPU.Build.0 = Release|Any CPU
		{6316A75B-7E54-40A9-B3B3-6485778CE149}.Release|Any CPU.Deploy.0 = Release|Any CPU
		{6316A75B-7E54-40A9-B3B3-6485778CE149}.Release|ARM.ActiveCfg = Release|Any CPU
		{6316A75B-7E54-40A9-B3B3-6485778CE149}.Release|ARM.Build.0 = Release|Any CPU
		{6316A75B-7E54-40A9-B3B3-6485778CE149}.Release|ARM.Deploy.0 = Release|Any CPU
		{6316A75B-7E54-40A9-B3B3-6485778CE149}.Release|ARM64.ActiveCfg = Release|Any CPU
		{6316A75B-7E54-40A9-B3B3-6485778CE149}.Release|ARM64.Build.0 = Release|Any CPU
		{6316A75B-7E54-40A9-B3B3-6485778CE149}.Release|ARM64.Deploy.0 = Release|Any CPU
		{6316A75B-7E54-40A9-B3B3-6485778CE149}.Release|iPhone.ActiveCfg = Release|Any CPU
		{6316A75B-7E54-40A9-B3B3-6485778CE149}.Release|iPhone.Build.0 = Release|Any CPU
		{6316A75B-7E54-40A9-B3B3-6485778CE149}.Release|iPhone.Deploy.0 = Release|Any CPU
		{6316A75B-7E54-40A9-B3B3-6485778CE149}.Release|iPhoneSimulator.ActiveCfg = Release|Any CPU
		{6316A75B-7E54-40A9-B3B3-6485778CE149}.Release|iPhoneSimulator.Build.0 = Release|Any CPU
		{6316A75B-7E54-40A9-B3B3-6485778CE149}.Release|iPhoneSimulator.Deploy.0 = Release|Any CPU
		{6316A75B-7E54-40A9-B3B3-6485778CE149}.Release|x64.ActiveCfg = Release|Any CPU
		{6316A75B-7E54-40A9-B3B3-6485778CE149}.Release|x64.Build.0 = Release|Any CPU
		{6316A75B-7E54-40A9-B3B3-6485778CE149}.Release|x64.Deploy.0 = Release|Any CPU
		{6316A75B-7E54-40A9-B3B3-6485778CE149}.Release|x86.ActiveCfg = Release|Any CPU
		{6316A75B-7E54-40A9-B3B3-6485778CE149}.Release|x86.Build.0 = Release|Any CPU
		{6316A75B-7E54-40A9-B3B3-6485778CE149}.Release|x86.Deploy.0 = Release|Any CPU
		{B0424B89-62B1-4D3E-A917-1850140E1EAD}.Debug|Any CPU.ActiveCfg = Debug|iPhoneSimulator
		{B0424B89-62B1-4D3E-A917-1850140E1EAD}.Debug|Any CPU.Build.0 = Debug|iPhoneSimulator
		{B0424B89-62B1-4D3E-A917-1850140E1EAD}.Debug|Any CPU.Deploy.0 = Debug|iPhoneSimulator
		{B0424B89-62B1-4D3E-A917-1850140E1EAD}.Debug|ARM.ActiveCfg = Debug|iPhone
		{B0424B89-62B1-4D3E-A917-1850140E1EAD}.Debug|ARM.Build.0 = Debug|iPhone
		{B0424B89-62B1-4D3E-A917-1850140E1EAD}.Debug|ARM.Deploy.0 = Debug|iPhone
		{B0424B89-62B1-4D3E-A917-1850140E1EAD}.Debug|ARM64.ActiveCfg = Debug|iPhone
		{B0424B89-62B1-4D3E-A917-1850140E1EAD}.Debug|iPhone.ActiveCfg = Debug|iPhone
		{B0424B89-62B1-4D3E-A917-1850140E1EAD}.Debug|iPhone.Build.0 = Debug|iPhone
		{B0424B89-62B1-4D3E-A917-1850140E1EAD}.Debug|iPhone.Deploy.0 = Debug|iPhone
		{B0424B89-62B1-4D3E-A917-1850140E1EAD}.Debug|iPhoneSimulator.ActiveCfg = Debug|iPhoneSimulator
		{B0424B89-62B1-4D3E-A917-1850140E1EAD}.Debug|iPhoneSimulator.Build.0 = Debug|iPhoneSimulator
		{B0424B89-62B1-4D3E-A917-1850140E1EAD}.Debug|iPhoneSimulator.Deploy.0 = Debug|iPhoneSimulator
		{B0424B89-62B1-4D3E-A917-1850140E1EAD}.Debug|x64.ActiveCfg = Debug|iPhoneSimulator
		{B0424B89-62B1-4D3E-A917-1850140E1EAD}.Debug|x64.Build.0 = Debug|iPhoneSimulator
		{B0424B89-62B1-4D3E-A917-1850140E1EAD}.Debug|x64.Deploy.0 = Debug|iPhoneSimulator
		{B0424B89-62B1-4D3E-A917-1850140E1EAD}.Debug|x86.ActiveCfg = Debug|iPhoneSimulator
		{B0424B89-62B1-4D3E-A917-1850140E1EAD}.Debug|x86.Build.0 = Debug|iPhoneSimulator
		{B0424B89-62B1-4D3E-A917-1850140E1EAD}.Debug|x86.Deploy.0 = Debug|iPhoneSimulator
		{B0424B89-62B1-4D3E-A917-1850140E1EAD}.Release|Any CPU.ActiveCfg = Release|iPhoneSimulator
		{B0424B89-62B1-4D3E-A917-1850140E1EAD}.Release|Any CPU.Build.0 = Release|iPhoneSimulator
		{B0424B89-62B1-4D3E-A917-1850140E1EAD}.Release|Any CPU.Deploy.0 = Release|iPhoneSimulator
		{B0424B89-62B1-4D3E-A917-1850140E1EAD}.Release|ARM.ActiveCfg = Release|iPhoneSimulator
		{B0424B89-62B1-4D3E-A917-1850140E1EAD}.Release|ARM.Build.0 = Release|iPhoneSimulator
		{B0424B89-62B1-4D3E-A917-1850140E1EAD}.Release|ARM.Deploy.0 = Release|iPhoneSimulator
		{B0424B89-62B1-4D3E-A917-1850140E1EAD}.Release|ARM64.ActiveCfg = Release|iPhone
		{B0424B89-62B1-4D3E-A917-1850140E1EAD}.Release|iPhone.ActiveCfg = Release|iPhone
		{B0424B89-62B1-4D3E-A917-1850140E1EAD}.Release|iPhone.Build.0 = Release|iPhone
		{B0424B89-62B1-4D3E-A917-1850140E1EAD}.Release|iPhone.Deploy.0 = Release|iPhone
		{B0424B89-62B1-4D3E-A917-1850140E1EAD}.Release|iPhoneSimulator.ActiveCfg = Release|iPhoneSimulator
		{B0424B89-62B1-4D3E-A917-1850140E1EAD}.Release|iPhoneSimulator.Build.0 = Release|iPhoneSimulator
		{B0424B89-62B1-4D3E-A917-1850140E1EAD}.Release|iPhoneSimulator.Deploy.0 = Release|iPhoneSimulator
		{B0424B89-62B1-4D3E-A917-1850140E1EAD}.Release|x64.ActiveCfg = Release|iPhoneSimulator
		{B0424B89-62B1-4D3E-A917-1850140E1EAD}.Release|x64.Build.0 = Release|iPhoneSimulator
		{B0424B89-62B1-4D3E-A917-1850140E1EAD}.Release|x64.Deploy.0 = Release|iPhoneSimulator
		{B0424B89-62B1-4D3E-A917-1850140E1EAD}.Release|x86.ActiveCfg = Release|iPhoneSimulator
		{B0424B89-62B1-4D3E-A917-1850140E1EAD}.Release|x86.Build.0 = Release|iPhoneSimulator
		{B0424B89-62B1-4D3E-A917-1850140E1EAD}.Release|x86.Deploy.0 = Release|iPhoneSimulator
		{9DB5786D-7DC4-4913-804C-3C9D9CA6DCE1}.Debug|Any CPU.ActiveCfg = Debug|Any CPU
		{9DB5786D-7DC4-4913-804C-3C9D9CA6DCE1}.Debug|Any CPU.Build.0 = Debug|Any CPU
		{9DB5786D-7DC4-4913-804C-3C9D9CA6DCE1}.Debug|Any CPU.Deploy.0 = Debug|Any CPU
		{9DB5786D-7DC4-4913-804C-3C9D9CA6DCE1}.Debug|ARM.ActiveCfg = Debug|Any CPU
		{9DB5786D-7DC4-4913-804C-3C9D9CA6DCE1}.Debug|ARM.Build.0 = Debug|Any CPU
		{9DB5786D-7DC4-4913-804C-3C9D9CA6DCE1}.Debug|ARM.Deploy.0 = Debug|Any CPU
		{9DB5786D-7DC4-4913-804C-3C9D9CA6DCE1}.Debug|ARM64.ActiveCfg = Debug|Any CPU
		{9DB5786D-7DC4-4913-804C-3C9D9CA6DCE1}.Debug|ARM64.Build.0 = Debug|Any CPU
		{9DB5786D-7DC4-4913-804C-3C9D9CA6DCE1}.Debug|iPhone.ActiveCfg = Debug|Any CPU
		{9DB5786D-7DC4-4913-804C-3C9D9CA6DCE1}.Debug|iPhone.Build.0 = Debug|Any CPU
		{9DB5786D-7DC4-4913-804C-3C9D9CA6DCE1}.Debug|iPhone.Deploy.0 = Debug|Any CPU
		{9DB5786D-7DC4-4913-804C-3C9D9CA6DCE1}.Debug|iPhoneSimulator.ActiveCfg = Debug|Any CPU
		{9DB5786D-7DC4-4913-804C-3C9D9CA6DCE1}.Debug|iPhoneSimulator.Build.0 = Debug|Any CPU
		{9DB5786D-7DC4-4913-804C-3C9D9CA6DCE1}.Debug|iPhoneSimulator.Deploy.0 = Debug|Any CPU
		{9DB5786D-7DC4-4913-804C-3C9D9CA6DCE1}.Debug|x64.ActiveCfg = Debug|Any CPU
		{9DB5786D-7DC4-4913-804C-3C9D9CA6DCE1}.Debug|x64.Build.0 = Debug|Any CPU
		{9DB5786D-7DC4-4913-804C-3C9D9CA6DCE1}.Debug|x64.Deploy.0 = Debug|Any CPU
		{9DB5786D-7DC4-4913-804C-3C9D9CA6DCE1}.Debug|x86.ActiveCfg = Debug|Any CPU
		{9DB5786D-7DC4-4913-804C-3C9D9CA6DCE1}.Debug|x86.Build.0 = Debug|Any CPU
		{9DB5786D-7DC4-4913-804C-3C9D9CA6DCE1}.Debug|x86.Deploy.0 = Debug|Any CPU
		{9DB5786D-7DC4-4913-804C-3C9D9CA6DCE1}.Release|Any CPU.ActiveCfg = Release|Any CPU
		{9DB5786D-7DC4-4913-804C-3C9D9CA6DCE1}.Release|Any CPU.Build.0 = Release|Any CPU
		{9DB5786D-7DC4-4913-804C-3C9D9CA6DCE1}.Release|Any CPU.Deploy.0 = Release|Any CPU
		{9DB5786D-7DC4-4913-804C-3C9D9CA6DCE1}.Release|ARM.ActiveCfg = Release|Any CPU
		{9DB5786D-7DC4-4913-804C-3C9D9CA6DCE1}.Release|ARM.Build.0 = Release|Any CPU
		{9DB5786D-7DC4-4913-804C-3C9D9CA6DCE1}.Release|ARM.Deploy.0 = Release|Any CPU
		{9DB5786D-7DC4-4913-804C-3C9D9CA6DCE1}.Release|ARM64.ActiveCfg = Release|Any CPU
		{9DB5786D-7DC4-4913-804C-3C9D9CA6DCE1}.Release|ARM64.Build.0 = Release|Any CPU
		{9DB5786D-7DC4-4913-804C-3C9D9CA6DCE1}.Release|iPhone.ActiveCfg = Release|Any CPU
		{9DB5786D-7DC4-4913-804C-3C9D9CA6DCE1}.Release|iPhone.Build.0 = Release|Any CPU
		{9DB5786D-7DC4-4913-804C-3C9D9CA6DCE1}.Release|iPhone.Deploy.0 = Release|Any CPU
		{9DB5786D-7DC4-4913-804C-3C9D9CA6DCE1}.Release|iPhoneSimulator.ActiveCfg = Release|Any CPU
		{9DB5786D-7DC4-4913-804C-3C9D9CA6DCE1}.Release|iPhoneSimulator.Build.0 = Release|Any CPU
		{9DB5786D-7DC4-4913-804C-3C9D9CA6DCE1}.Release|iPhoneSimulator.Deploy.0 = Release|Any CPU
		{9DB5786D-7DC4-4913-804C-3C9D9CA6DCE1}.Release|x64.ActiveCfg = Release|Any CPU
		{9DB5786D-7DC4-4913-804C-3C9D9CA6DCE1}.Release|x64.Build.0 = Release|Any CPU
		{9DB5786D-7DC4-4913-804C-3C9D9CA6DCE1}.Release|x64.Deploy.0 = Release|Any CPU
		{9DB5786D-7DC4-4913-804C-3C9D9CA6DCE1}.Release|x86.ActiveCfg = Release|Any CPU
		{9DB5786D-7DC4-4913-804C-3C9D9CA6DCE1}.Release|x86.Build.0 = Release|Any CPU
		{9DB5786D-7DC4-4913-804C-3C9D9CA6DCE1}.Release|x86.Deploy.0 = Release|Any CPU
		{75331AEB-0C9A-40AF-8594-E722469B8166}.Debug|Any CPU.ActiveCfg = Debug|Any CPU
		{75331AEB-0C9A-40AF-8594-E722469B8166}.Debug|Any CPU.Build.0 = Debug|Any CPU
		{75331AEB-0C9A-40AF-8594-E722469B8166}.Debug|ARM.ActiveCfg = Debug|Any CPU
		{75331AEB-0C9A-40AF-8594-E722469B8166}.Debug|ARM.Build.0 = Debug|Any CPU
		{75331AEB-0C9A-40AF-8594-E722469B8166}.Debug|ARM64.ActiveCfg = Debug|Any CPU
		{75331AEB-0C9A-40AF-8594-E722469B8166}.Debug|ARM64.Build.0 = Debug|Any CPU
		{75331AEB-0C9A-40AF-8594-E722469B8166}.Debug|iPhone.ActiveCfg = Debug|Any CPU
		{75331AEB-0C9A-40AF-8594-E722469B8166}.Debug|iPhone.Build.0 = Debug|Any CPU
		{75331AEB-0C9A-40AF-8594-E722469B8166}.Debug|iPhoneSimulator.ActiveCfg = Debug|Any CPU
		{75331AEB-0C9A-40AF-8594-E722469B8166}.Debug|iPhoneSimulator.Build.0 = Debug|Any CPU
		{75331AEB-0C9A-40AF-8594-E722469B8166}.Debug|x64.ActiveCfg = Debug|Any CPU
		{75331AEB-0C9A-40AF-8594-E722469B8166}.Debug|x64.Build.0 = Debug|Any CPU
		{75331AEB-0C9A-40AF-8594-E722469B8166}.Debug|x86.ActiveCfg = Debug|Any CPU
		{75331AEB-0C9A-40AF-8594-E722469B8166}.Debug|x86.Build.0 = Debug|Any CPU
		{75331AEB-0C9A-40AF-8594-E722469B8166}.Release|Any CPU.ActiveCfg = Release|Any CPU
		{75331AEB-0C9A-40AF-8594-E722469B8166}.Release|Any CPU.Build.0 = Release|Any CPU
		{75331AEB-0C9A-40AF-8594-E722469B8166}.Release|ARM.ActiveCfg = Release|Any CPU
		{75331AEB-0C9A-40AF-8594-E722469B8166}.Release|ARM.Build.0 = Release|Any CPU
		{75331AEB-0C9A-40AF-8594-E722469B8166}.Release|ARM64.ActiveCfg = Release|Any CPU
		{75331AEB-0C9A-40AF-8594-E722469B8166}.Release|ARM64.Build.0 = Release|Any CPU
		{75331AEB-0C9A-40AF-8594-E722469B8166}.Release|iPhone.ActiveCfg = Release|Any CPU
		{75331AEB-0C9A-40AF-8594-E722469B8166}.Release|iPhone.Build.0 = Release|Any CPU
		{75331AEB-0C9A-40AF-8594-E722469B8166}.Release|iPhoneSimulator.ActiveCfg = Release|Any CPU
		{75331AEB-0C9A-40AF-8594-E722469B8166}.Release|iPhoneSimulator.Build.0 = Release|Any CPU
		{75331AEB-0C9A-40AF-8594-E722469B8166}.Release|x64.ActiveCfg = Release|Any CPU
		{75331AEB-0C9A-40AF-8594-E722469B8166}.Release|x64.Build.0 = Release|Any CPU
		{75331AEB-0C9A-40AF-8594-E722469B8166}.Release|x86.ActiveCfg = Release|Any CPU
		{75331AEB-0C9A-40AF-8594-E722469B8166}.Release|x86.Build.0 = Release|Any CPU
		{4594029D-97BD-4663-90A5-FB0DF4DDC85F}.Debug|Any CPU.ActiveCfg = Debug|Any CPU
		{4594029D-97BD-4663-90A5-FB0DF4DDC85F}.Debug|Any CPU.Build.0 = Debug|Any CPU
		{4594029D-97BD-4663-90A5-FB0DF4DDC85F}.Debug|ARM.ActiveCfg = Debug|Any CPU
		{4594029D-97BD-4663-90A5-FB0DF4DDC85F}.Debug|ARM.Build.0 = Debug|Any CPU
		{4594029D-97BD-4663-90A5-FB0DF4DDC85F}.Debug|ARM64.ActiveCfg = Debug|Any CPU
		{4594029D-97BD-4663-90A5-FB0DF4DDC85F}.Debug|ARM64.Build.0 = Debug|Any CPU
		{4594029D-97BD-4663-90A5-FB0DF4DDC85F}.Debug|iPhone.ActiveCfg = Debug|Any CPU
		{4594029D-97BD-4663-90A5-FB0DF4DDC85F}.Debug|iPhone.Build.0 = Debug|Any CPU
		{4594029D-97BD-4663-90A5-FB0DF4DDC85F}.Debug|iPhoneSimulator.ActiveCfg = Debug|Any CPU
		{4594029D-97BD-4663-90A5-FB0DF4DDC85F}.Debug|iPhoneSimulator.Build.0 = Debug|Any CPU
		{4594029D-97BD-4663-90A5-FB0DF4DDC85F}.Debug|x64.ActiveCfg = Debug|Any CPU
		{4594029D-97BD-4663-90A5-FB0DF4DDC85F}.Debug|x64.Build.0 = Debug|Any CPU
		{4594029D-97BD-4663-90A5-FB0DF4DDC85F}.Debug|x86.ActiveCfg = Debug|Any CPU
		{4594029D-97BD-4663-90A5-FB0DF4DDC85F}.Debug|x86.Build.0 = Debug|Any CPU
		{4594029D-97BD-4663-90A5-FB0DF4DDC85F}.Release|Any CPU.ActiveCfg = Release|Any CPU
		{4594029D-97BD-4663-90A5-FB0DF4DDC85F}.Release|Any CPU.Build.0 = Release|Any CPU
		{4594029D-97BD-4663-90A5-FB0DF4DDC85F}.Release|ARM.ActiveCfg = Release|Any CPU
		{4594029D-97BD-4663-90A5-FB0DF4DDC85F}.Release|ARM.Build.0 = Release|Any CPU
		{4594029D-97BD-4663-90A5-FB0DF4DDC85F}.Release|ARM64.ActiveCfg = Release|Any CPU
		{4594029D-97BD-4663-90A5-FB0DF4DDC85F}.Release|ARM64.Build.0 = Release|Any CPU
		{4594029D-97BD-4663-90A5-FB0DF4DDC85F}.Release|iPhone.ActiveCfg = Release|Any CPU
		{4594029D-97BD-4663-90A5-FB0DF4DDC85F}.Release|iPhone.Build.0 = Release|Any CPU
		{4594029D-97BD-4663-90A5-FB0DF4DDC85F}.Release|iPhoneSimulator.ActiveCfg = Release|Any CPU
		{4594029D-97BD-4663-90A5-FB0DF4DDC85F}.Release|iPhoneSimulator.Build.0 = Release|Any CPU
		{4594029D-97BD-4663-90A5-FB0DF4DDC85F}.Release|x64.ActiveCfg = Release|Any CPU
		{4594029D-97BD-4663-90A5-FB0DF4DDC85F}.Release|x64.Build.0 = Release|Any CPU
		{4594029D-97BD-4663-90A5-FB0DF4DDC85F}.Release|x86.ActiveCfg = Release|Any CPU
		{4594029D-97BD-4663-90A5-FB0DF4DDC85F}.Release|x86.Build.0 = Release|Any CPU
		{E669AFD6-AA47-47A3-96E4-70BDB1B9BD15}.Debug|Any CPU.ActiveCfg = Debug|Any CPU
		{E669AFD6-AA47-47A3-96E4-70BDB1B9BD15}.Debug|Any CPU.Build.0 = Debug|Any CPU
		{E669AFD6-AA47-47A3-96E4-70BDB1B9BD15}.Debug|ARM.ActiveCfg = Debug|Any CPU
		{E669AFD6-AA47-47A3-96E4-70BDB1B9BD15}.Debug|ARM.Build.0 = Debug|Any CPU
		{E669AFD6-AA47-47A3-96E4-70BDB1B9BD15}.Debug|ARM64.ActiveCfg = Debug|Any CPU
		{E669AFD6-AA47-47A3-96E4-70BDB1B9BD15}.Debug|ARM64.Build.0 = Debug|Any CPU
		{E669AFD6-AA47-47A3-96E4-70BDB1B9BD15}.Debug|iPhone.ActiveCfg = Debug|Any CPU
		{E669AFD6-AA47-47A3-96E4-70BDB1B9BD15}.Debug|iPhone.Build.0 = Debug|Any CPU
		{E669AFD6-AA47-47A3-96E4-70BDB1B9BD15}.Debug|iPhoneSimulator.ActiveCfg = Debug|Any CPU
		{E669AFD6-AA47-47A3-96E4-70BDB1B9BD15}.Debug|iPhoneSimulator.Build.0 = Debug|Any CPU
		{E669AFD6-AA47-47A3-96E4-70BDB1B9BD15}.Debug|x64.ActiveCfg = Debug|Any CPU
		{E669AFD6-AA47-47A3-96E4-70BDB1B9BD15}.Debug|x64.Build.0 = Debug|Any CPU
		{E669AFD6-AA47-47A3-96E4-70BDB1B9BD15}.Debug|x86.ActiveCfg = Debug|Any CPU
		{E669AFD6-AA47-47A3-96E4-70BDB1B9BD15}.Debug|x86.Build.0 = Debug|Any CPU
		{E669AFD6-AA47-47A3-96E4-70BDB1B9BD15}.Release|Any CPU.ActiveCfg = Release|Any CPU
		{E669AFD6-AA47-47A3-96E4-70BDB1B9BD15}.Release|Any CPU.Build.0 = Release|Any CPU
		{E669AFD6-AA47-47A3-96E4-70BDB1B9BD15}.Release|ARM.ActiveCfg = Release|Any CPU
		{E669AFD6-AA47-47A3-96E4-70BDB1B9BD15}.Release|ARM.Build.0 = Release|Any CPU
		{E669AFD6-AA47-47A3-96E4-70BDB1B9BD15}.Release|ARM64.ActiveCfg = Release|Any CPU
		{E669AFD6-AA47-47A3-96E4-70BDB1B9BD15}.Release|ARM64.Build.0 = Release|Any CPU
		{E669AFD6-AA47-47A3-96E4-70BDB1B9BD15}.Release|iPhone.ActiveCfg = Release|Any CPU
		{E669AFD6-AA47-47A3-96E4-70BDB1B9BD15}.Release|iPhone.Build.0 = Release|Any CPU
		{E669AFD6-AA47-47A3-96E4-70BDB1B9BD15}.Release|iPhoneSimulator.ActiveCfg = Release|Any CPU
		{E669AFD6-AA47-47A3-96E4-70BDB1B9BD15}.Release|iPhoneSimulator.Build.0 = Release|Any CPU
		{E669AFD6-AA47-47A3-96E4-70BDB1B9BD15}.Release|x64.ActiveCfg = Release|Any CPU
		{E669AFD6-AA47-47A3-96E4-70BDB1B9BD15}.Release|x64.Build.0 = Release|Any CPU
		{E669AFD6-AA47-47A3-96E4-70BDB1B9BD15}.Release|x86.ActiveCfg = Release|Any CPU
		{E669AFD6-AA47-47A3-96E4-70BDB1B9BD15}.Release|x86.Build.0 = Release|Any CPU
		{6DB50C70-BDE5-445A-A967-33455C5A02A5}.Debug|Any CPU.ActiveCfg = Debug|Any CPU
		{6DB50C70-BDE5-445A-A967-33455C5A02A5}.Debug|Any CPU.Build.0 = Debug|Any CPU
		{6DB50C70-BDE5-445A-A967-33455C5A02A5}.Debug|ARM.ActiveCfg = Debug|Any CPU
		{6DB50C70-BDE5-445A-A967-33455C5A02A5}.Debug|ARM.Build.0 = Debug|Any CPU
		{6DB50C70-BDE5-445A-A967-33455C5A02A5}.Debug|ARM64.ActiveCfg = Debug|Any CPU
		{6DB50C70-BDE5-445A-A967-33455C5A02A5}.Debug|ARM64.Build.0 = Debug|Any CPU
		{6DB50C70-BDE5-445A-A967-33455C5A02A5}.Debug|iPhone.ActiveCfg = Debug|Any CPU
		{6DB50C70-BDE5-445A-A967-33455C5A02A5}.Debug|iPhone.Build.0 = Debug|Any CPU
		{6DB50C70-BDE5-445A-A967-33455C5A02A5}.Debug|iPhoneSimulator.ActiveCfg = Debug|Any CPU
		{6DB50C70-BDE5-445A-A967-33455C5A02A5}.Debug|iPhoneSimulator.Build.0 = Debug|Any CPU
		{6DB50C70-BDE5-445A-A967-33455C5A02A5}.Debug|x64.ActiveCfg = Debug|Any CPU
		{6DB50C70-BDE5-445A-A967-33455C5A02A5}.Debug|x64.Build.0 = Debug|Any CPU
		{6DB50C70-BDE5-445A-A967-33455C5A02A5}.Debug|x86.ActiveCfg = Debug|Any CPU
		{6DB50C70-BDE5-445A-A967-33455C5A02A5}.Debug|x86.Build.0 = Debug|Any CPU
		{6DB50C70-BDE5-445A-A967-33455C5A02A5}.Release|Any CPU.ActiveCfg = Release|Any CPU
		{6DB50C70-BDE5-445A-A967-33455C5A02A5}.Release|Any CPU.Build.0 = Release|Any CPU
		{6DB50C70-BDE5-445A-A967-33455C5A02A5}.Release|ARM.ActiveCfg = Release|Any CPU
		{6DB50C70-BDE5-445A-A967-33455C5A02A5}.Release|ARM.Build.0 = Release|Any CPU
		{6DB50C70-BDE5-445A-A967-33455C5A02A5}.Release|ARM64.ActiveCfg = Release|Any CPU
		{6DB50C70-BDE5-445A-A967-33455C5A02A5}.Release|ARM64.Build.0 = Release|Any CPU
		{6DB50C70-BDE5-445A-A967-33455C5A02A5}.Release|iPhone.ActiveCfg = Release|Any CPU
		{6DB50C70-BDE5-445A-A967-33455C5A02A5}.Release|iPhone.Build.0 = Release|Any CPU
		{6DB50C70-BDE5-445A-A967-33455C5A02A5}.Release|iPhoneSimulator.ActiveCfg = Release|Any CPU
		{6DB50C70-BDE5-445A-A967-33455C5A02A5}.Release|iPhoneSimulator.Build.0 = Release|Any CPU
		{6DB50C70-BDE5-445A-A967-33455C5A02A5}.Release|x64.ActiveCfg = Release|Any CPU
		{6DB50C70-BDE5-445A-A967-33455C5A02A5}.Release|x64.Build.0 = Release|Any CPU
		{6DB50C70-BDE5-445A-A967-33455C5A02A5}.Release|x86.ActiveCfg = Release|Any CPU
		{6DB50C70-BDE5-445A-A967-33455C5A02A5}.Release|x86.Build.0 = Release|Any CPU
		{36EBFDD4-96D7-4CCC-8ECA-81520E133A60}.Debug|Any CPU.ActiveCfg = Debug|Any CPU
		{36EBFDD4-96D7-4CCC-8ECA-81520E133A60}.Debug|Any CPU.Build.0 = Debug|Any CPU
		{36EBFDD4-96D7-4CCC-8ECA-81520E133A60}.Debug|ARM.ActiveCfg = Debug|Any CPU
		{36EBFDD4-96D7-4CCC-8ECA-81520E133A60}.Debug|ARM.Build.0 = Debug|Any CPU
		{36EBFDD4-96D7-4CCC-8ECA-81520E133A60}.Debug|ARM64.ActiveCfg = Debug|Any CPU
		{36EBFDD4-96D7-4CCC-8ECA-81520E133A60}.Debug|ARM64.Build.0 = Debug|Any CPU
		{36EBFDD4-96D7-4CCC-8ECA-81520E133A60}.Debug|iPhone.ActiveCfg = Debug|Any CPU
		{36EBFDD4-96D7-4CCC-8ECA-81520E133A60}.Debug|iPhone.Build.0 = Debug|Any CPU
		{36EBFDD4-96D7-4CCC-8ECA-81520E133A60}.Debug|iPhoneSimulator.ActiveCfg = Debug|Any CPU
		{36EBFDD4-96D7-4CCC-8ECA-81520E133A60}.Debug|iPhoneSimulator.Build.0 = Debug|Any CPU
		{36EBFDD4-96D7-4CCC-8ECA-81520E133A60}.Debug|x64.ActiveCfg = Debug|Any CPU
		{36EBFDD4-96D7-4CCC-8ECA-81520E133A60}.Debug|x64.Build.0 = Debug|Any CPU
		{36EBFDD4-96D7-4CCC-8ECA-81520E133A60}.Debug|x86.ActiveCfg = Debug|Any CPU
		{36EBFDD4-96D7-4CCC-8ECA-81520E133A60}.Debug|x86.Build.0 = Debug|Any CPU
		{36EBFDD4-96D7-4CCC-8ECA-81520E133A60}.Release|Any CPU.ActiveCfg = Release|Any CPU
		{36EBFDD4-96D7-4CCC-8ECA-81520E133A60}.Release|Any CPU.Build.0 = Release|Any CPU
		{36EBFDD4-96D7-4CCC-8ECA-81520E133A60}.Release|ARM.ActiveCfg = Release|Any CPU
		{36EBFDD4-96D7-4CCC-8ECA-81520E133A60}.Release|ARM.Build.0 = Release|Any CPU
		{36EBFDD4-96D7-4CCC-8ECA-81520E133A60}.Release|ARM64.ActiveCfg = Release|Any CPU
		{36EBFDD4-96D7-4CCC-8ECA-81520E133A60}.Release|ARM64.Build.0 = Release|Any CPU
		{36EBFDD4-96D7-4CCC-8ECA-81520E133A60}.Release|iPhone.ActiveCfg = Release|Any CPU
		{36EBFDD4-96D7-4CCC-8ECA-81520E133A60}.Release|iPhone.Build.0 = Release|Any CPU
		{36EBFDD4-96D7-4CCC-8ECA-81520E133A60}.Release|iPhoneSimulator.ActiveCfg = Release|Any CPU
		{36EBFDD4-96D7-4CCC-8ECA-81520E133A60}.Release|iPhoneSimulator.Build.0 = Release|Any CPU
		{36EBFDD4-96D7-4CCC-8ECA-81520E133A60}.Release|x64.ActiveCfg = Release|Any CPU
		{36EBFDD4-96D7-4CCC-8ECA-81520E133A60}.Release|x64.Build.0 = Release|Any CPU
		{36EBFDD4-96D7-4CCC-8ECA-81520E133A60}.Release|x86.ActiveCfg = Release|Any CPU
		{36EBFDD4-96D7-4CCC-8ECA-81520E133A60}.Release|x86.Build.0 = Release|Any CPU
		{230A80FC-012D-4CD5-A4AB-401BA83AFA4C}.Debug|Any CPU.ActiveCfg = Debug|Any CPU
		{230A80FC-012D-4CD5-A4AB-401BA83AFA4C}.Debug|Any CPU.Build.0 = Debug|Any CPU
		{230A80FC-012D-4CD5-A4AB-401BA83AFA4C}.Debug|ARM.ActiveCfg = Debug|Any CPU
		{230A80FC-012D-4CD5-A4AB-401BA83AFA4C}.Debug|ARM.Build.0 = Debug|Any CPU
		{230A80FC-012D-4CD5-A4AB-401BA83AFA4C}.Debug|ARM64.ActiveCfg = Debug|Any CPU
		{230A80FC-012D-4CD5-A4AB-401BA83AFA4C}.Debug|ARM64.Build.0 = Debug|Any CPU
		{230A80FC-012D-4CD5-A4AB-401BA83AFA4C}.Debug|iPhone.ActiveCfg = Debug|Any CPU
		{230A80FC-012D-4CD5-A4AB-401BA83AFA4C}.Debug|iPhone.Build.0 = Debug|Any CPU
		{230A80FC-012D-4CD5-A4AB-401BA83AFA4C}.Debug|iPhoneSimulator.ActiveCfg = Debug|Any CPU
		{230A80FC-012D-4CD5-A4AB-401BA83AFA4C}.Debug|iPhoneSimulator.Build.0 = Debug|Any CPU
		{230A80FC-012D-4CD5-A4AB-401BA83AFA4C}.Debug|x64.ActiveCfg = Debug|Any CPU
		{230A80FC-012D-4CD5-A4AB-401BA83AFA4C}.Debug|x64.Build.0 = Debug|Any CPU
		{230A80FC-012D-4CD5-A4AB-401BA83AFA4C}.Debug|x86.ActiveCfg = Debug|Any CPU
		{230A80FC-012D-4CD5-A4AB-401BA83AFA4C}.Debug|x86.Build.0 = Debug|Any CPU
		{230A80FC-012D-4CD5-A4AB-401BA83AFA4C}.Release|Any CPU.ActiveCfg = Release|Any CPU
		{230A80FC-012D-4CD5-A4AB-401BA83AFA4C}.Release|Any CPU.Build.0 = Release|Any CPU
		{230A80FC-012D-4CD5-A4AB-401BA83AFA4C}.Release|ARM.ActiveCfg = Release|Any CPU
		{230A80FC-012D-4CD5-A4AB-401BA83AFA4C}.Release|ARM.Build.0 = Release|Any CPU
		{230A80FC-012D-4CD5-A4AB-401BA83AFA4C}.Release|ARM64.ActiveCfg = Release|Any CPU
		{230A80FC-012D-4CD5-A4AB-401BA83AFA4C}.Release|ARM64.Build.0 = Release|Any CPU
		{230A80FC-012D-4CD5-A4AB-401BA83AFA4C}.Release|iPhone.ActiveCfg = Release|Any CPU
		{230A80FC-012D-4CD5-A4AB-401BA83AFA4C}.Release|iPhone.Build.0 = Release|Any CPU
		{230A80FC-012D-4CD5-A4AB-401BA83AFA4C}.Release|iPhoneSimulator.ActiveCfg = Release|Any CPU
		{230A80FC-012D-4CD5-A4AB-401BA83AFA4C}.Release|iPhoneSimulator.Build.0 = Release|Any CPU
		{230A80FC-012D-4CD5-A4AB-401BA83AFA4C}.Release|x64.ActiveCfg = Release|Any CPU
		{230A80FC-012D-4CD5-A4AB-401BA83AFA4C}.Release|x64.Build.0 = Release|Any CPU
		{230A80FC-012D-4CD5-A4AB-401BA83AFA4C}.Release|x86.ActiveCfg = Release|Any CPU
		{230A80FC-012D-4CD5-A4AB-401BA83AFA4C}.Release|x86.Build.0 = Release|Any CPU
		{3520F689-5462-4F95-BA55-F6EEFC1AAFD9}.Debug|Any CPU.ActiveCfg = Debug|Any CPU
		{3520F689-5462-4F95-BA55-F6EEFC1AAFD9}.Debug|Any CPU.Build.0 = Debug|Any CPU
		{3520F689-5462-4F95-BA55-F6EEFC1AAFD9}.Debug|ARM.ActiveCfg = Debug|Any CPU
		{3520F689-5462-4F95-BA55-F6EEFC1AAFD9}.Debug|ARM.Build.0 = Debug|Any CPU
		{3520F689-5462-4F95-BA55-F6EEFC1AAFD9}.Debug|ARM64.ActiveCfg = Debug|Any CPU
		{3520F689-5462-4F95-BA55-F6EEFC1AAFD9}.Debug|ARM64.Build.0 = Debug|Any CPU
		{3520F689-5462-4F95-BA55-F6EEFC1AAFD9}.Debug|iPhone.ActiveCfg = Debug|Any CPU
		{3520F689-5462-4F95-BA55-F6EEFC1AAFD9}.Debug|iPhone.Build.0 = Debug|Any CPU
		{3520F689-5462-4F95-BA55-F6EEFC1AAFD9}.Debug|iPhoneSimulator.ActiveCfg = Debug|Any CPU
		{3520F689-5462-4F95-BA55-F6EEFC1AAFD9}.Debug|iPhoneSimulator.Build.0 = Debug|Any CPU
		{3520F689-5462-4F95-BA55-F6EEFC1AAFD9}.Debug|x64.ActiveCfg = Debug|Any CPU
		{3520F689-5462-4F95-BA55-F6EEFC1AAFD9}.Debug|x64.Build.0 = Debug|Any CPU
		{3520F689-5462-4F95-BA55-F6EEFC1AAFD9}.Debug|x86.ActiveCfg = Debug|Any CPU
		{3520F689-5462-4F95-BA55-F6EEFC1AAFD9}.Debug|x86.Build.0 = Debug|Any CPU
		{3520F689-5462-4F95-BA55-F6EEFC1AAFD9}.Release|Any CPU.ActiveCfg = Release|Any CPU
		{3520F689-5462-4F95-BA55-F6EEFC1AAFD9}.Release|Any CPU.Build.0 = Release|Any CPU
		{3520F689-5462-4F95-BA55-F6EEFC1AAFD9}.Release|ARM.ActiveCfg = Release|Any CPU
		{3520F689-5462-4F95-BA55-F6EEFC1AAFD9}.Release|ARM.Build.0 = Release|Any CPU
		{3520F689-5462-4F95-BA55-F6EEFC1AAFD9}.Release|ARM64.ActiveCfg = Release|Any CPU
		{3520F689-5462-4F95-BA55-F6EEFC1AAFD9}.Release|ARM64.Build.0 = Release|Any CPU
		{3520F689-5462-4F95-BA55-F6EEFC1AAFD9}.Release|iPhone.ActiveCfg = Release|Any CPU
		{3520F689-5462-4F95-BA55-F6EEFC1AAFD9}.Release|iPhone.Build.0 = Release|Any CPU
		{3520F689-5462-4F95-BA55-F6EEFC1AAFD9}.Release|iPhoneSimulator.ActiveCfg = Release|Any CPU
		{3520F689-5462-4F95-BA55-F6EEFC1AAFD9}.Release|iPhoneSimulator.Build.0 = Release|Any CPU
		{3520F689-5462-4F95-BA55-F6EEFC1AAFD9}.Release|x64.ActiveCfg = Release|Any CPU
		{3520F689-5462-4F95-BA55-F6EEFC1AAFD9}.Release|x64.Build.0 = Release|Any CPU
		{3520F689-5462-4F95-BA55-F6EEFC1AAFD9}.Release|x86.ActiveCfg = Release|Any CPU
		{3520F689-5462-4F95-BA55-F6EEFC1AAFD9}.Release|x86.Build.0 = Release|Any CPU
		{0988FABE-81BD-4359-A18B-F3FC44165AC0}.Debug|Any CPU.ActiveCfg = Debug|Any CPU
		{0988FABE-81BD-4359-A18B-F3FC44165AC0}.Debug|Any CPU.Build.0 = Debug|Any CPU
		{0988FABE-81BD-4359-A18B-F3FC44165AC0}.Debug|ARM.ActiveCfg = Debug|Any CPU
		{0988FABE-81BD-4359-A18B-F3FC44165AC0}.Debug|ARM.Build.0 = Debug|Any CPU
		{0988FABE-81BD-4359-A18B-F3FC44165AC0}.Debug|ARM64.ActiveCfg = Debug|Any CPU
		{0988FABE-81BD-4359-A18B-F3FC44165AC0}.Debug|ARM64.Build.0 = Debug|Any CPU
		{0988FABE-81BD-4359-A18B-F3FC44165AC0}.Debug|iPhone.ActiveCfg = Debug|Any CPU
		{0988FABE-81BD-4359-A18B-F3FC44165AC0}.Debug|iPhone.Build.0 = Debug|Any CPU
		{0988FABE-81BD-4359-A18B-F3FC44165AC0}.Debug|iPhoneSimulator.ActiveCfg = Debug|Any CPU
		{0988FABE-81BD-4359-A18B-F3FC44165AC0}.Debug|iPhoneSimulator.Build.0 = Debug|Any CPU
		{0988FABE-81BD-4359-A18B-F3FC44165AC0}.Debug|x64.ActiveCfg = Debug|Any CPU
		{0988FABE-81BD-4359-A18B-F3FC44165AC0}.Debug|x64.Build.0 = Debug|Any CPU
		{0988FABE-81BD-4359-A18B-F3FC44165AC0}.Debug|x86.ActiveCfg = Debug|Any CPU
		{0988FABE-81BD-4359-A18B-F3FC44165AC0}.Debug|x86.Build.0 = Debug|Any CPU
		{0988FABE-81BD-4359-A18B-F3FC44165AC0}.Release|Any CPU.ActiveCfg = Release|Any CPU
		{0988FABE-81BD-4359-A18B-F3FC44165AC0}.Release|Any CPU.Build.0 = Release|Any CPU
		{0988FABE-81BD-4359-A18B-F3FC44165AC0}.Release|ARM.ActiveCfg = Release|Any CPU
		{0988FABE-81BD-4359-A18B-F3FC44165AC0}.Release|ARM.Build.0 = Release|Any CPU
		{0988FABE-81BD-4359-A18B-F3FC44165AC0}.Release|ARM64.ActiveCfg = Release|Any CPU
		{0988FABE-81BD-4359-A18B-F3FC44165AC0}.Release|ARM64.Build.0 = Release|Any CPU
		{0988FABE-81BD-4359-A18B-F3FC44165AC0}.Release|iPhone.ActiveCfg = Release|Any CPU
		{0988FABE-81BD-4359-A18B-F3FC44165AC0}.Release|iPhone.Build.0 = Release|Any CPU
		{0988FABE-81BD-4359-A18B-F3FC44165AC0}.Release|iPhoneSimulator.ActiveCfg = Release|Any CPU
		{0988FABE-81BD-4359-A18B-F3FC44165AC0}.Release|iPhoneSimulator.Build.0 = Release|Any CPU
		{0988FABE-81BD-4359-A18B-F3FC44165AC0}.Release|x64.ActiveCfg = Release|Any CPU
		{0988FABE-81BD-4359-A18B-F3FC44165AC0}.Release|x64.Build.0 = Release|Any CPU
		{0988FABE-81BD-4359-A18B-F3FC44165AC0}.Release|x86.ActiveCfg = Release|Any CPU
		{0988FABE-81BD-4359-A18B-F3FC44165AC0}.Release|x86.Build.0 = Release|Any CPU
	EndGlobalSection
	GlobalSection(SolutionProperties) = preSolution
		HideSolutionNode = FALSE
	EndGlobalSection
	GlobalSection(NestedProjects) = preSolution
		{E517458C-E701-46C8-B674-82CFA85F4ECA} = {0A8D5BEB-C9D4-45E3-A63A-80AD65B34067}
		{3F6E13D5-9CF4-4C43-8582-8E52495AAB5B} = {0A8D5BEB-C9D4-45E3-A63A-80AD65B34067}
		{75331AEB-0C9A-40AF-8594-E722469B8166} = {E517458C-E701-46C8-B674-82CFA85F4ECA}
		{4594029D-97BD-4663-90A5-FB0DF4DDC85F} = {E517458C-E701-46C8-B674-82CFA85F4ECA}
		{E669AFD6-AA47-47A3-96E4-70BDB1B9BD15} = {E517458C-E701-46C8-B674-82CFA85F4ECA}
		{6DB50C70-BDE5-445A-A967-33455C5A02A5} = {E517458C-E701-46C8-B674-82CFA85F4ECA}
		{36EBFDD4-96D7-4CCC-8ECA-81520E133A60} = {E517458C-E701-46C8-B674-82CFA85F4ECA}
		{230A80FC-012D-4CD5-A4AB-401BA83AFA4C} = {3F6E13D5-9CF4-4C43-8582-8E52495AAB5B}
		{3520F689-5462-4F95-BA55-F6EEFC1AAFD9} = {3F6E13D5-9CF4-4C43-8582-8E52495AAB5B}
		{838ACC86-5CB4-4E9E-877D-6BB905F1DDB7} = {0A8D5BEB-C9D4-45E3-A63A-80AD65B34067}
		{0988FABE-81BD-4359-A18B-F3FC44165AC0} = {838ACC86-5CB4-4E9E-877D-6BB905F1DDB7}
	EndGlobalSection
	GlobalSection(ExtensibilityGlobals) = postSolution
		SolutionGuid = {A235C0E4-BCE9-4DB5-BBA0-B2EC9BCCE68E}
	EndGlobalSection
EndGlobal
